PODS:
  - custom_mouse_cursor (0.0.1):
    - FlutterMacOS
  - flutter_macos_webview (0.0.4):
    - FlutterMacOS
  - FlutterMacOS (1.0.0)
  - rive_common (0.0.1):
    - FlutterMacOS

DEPENDENCIES:
  - custom_mouse_cursor (from `Flutter/ephemeral/.symlinks/plugins/custom_mouse_cursor/macos`)
  - flutter_macos_webview (from `Flutter/ephemeral/.symlinks/plugins/flutter_macos_webview/macos`)
  - FlutterMacOS (from `Flutter/ephemeral`)
  - rive_common (from `Flutter/ephemeral/.symlinks/plugins/rive_common/macos`)

EXTERNAL SOURCES:
  custom_mouse_cursor:
    :path: Flutter/ephemeral/.symlinks/plugins/custom_mouse_cursor/macos
  flutter_macos_webview:
    :path: Flutter/ephemeral/.symlinks/plugins/flutter_macos_webview/macos
  FlutterMacOS:
    :path: Flutter/ephemeral
  rive_common:
    :path: Flutter/ephemeral/.symlinks/plugins/rive_common/macos

SPEC CHECKSUMS:
  custom_mouse_cursor: 19b9cb1bcd2e792e326c15e32b48f8dba06132da
  flutter_macos_webview: a17978522d9014b5ebc0279d76a332b9531c4a95
  FlutterMacOS: 8f6f14fa908a6fb3fba0cd85dbd81ec4b251fb24
  rive_common: 0f0aadf670f0c6a7872dfe3e6186f112a5319108

PODFILE CHECKSUM: 381521337422a50cbc67623df429d3a1728677ab

COCOAPODS: 1.11.3
